
Microsoft Visual Studio Solution File, Format Version 12.00
# Visual Studio Version 17
VisualStudioVersion = 17.0.31717.71
MinimumVisualStudioVersion = 10.0.40219.1
Project("{2150E333-8FDC-42A3-9474-1A3956D46DE8}") = "src", "src", "{FDF4A3E7-B5E3-488B-BD88-B669C1C73279}"
EndProject
Project("{2150E333-8FDC-42A3-9474-1A3956D46DE8}") = "Core", "Core", "{94E4A517-C883-47EC-BC9D-DDB3FEA65604}"
EndProject
Project("{2150E333-8FDC-42A3-9474-1A3956D46DE8}") = "Infrastructure", "Infrastructure", "{5640AEE3-BD67-41AD-8A94-73EDBBF0BA24}"
EndProject
Project("{2150E333-8FDC-42A3-9474-1A3956D46DE8}") = "WebGraphQL", "WebGraphQL", "{B92D9A35-C960-4AD1-8B2C-E03854FA747F}"
EndProject
Project("{9A19103F-16F7-4668-BE54-9A1E7A4F7556}") = "TH.POST.Address.Application", "src\Core\TH.POST.Address.Application\TH.POST.Address.Application.csproj", "{375C5EF1-F5F5-486C-9C59-F2F129E9D1EC}"
EndProject
Project("{9A19103F-16F7-4668-BE54-9A1E7A4F7556}") = "TH.POST.Address.Domain", "src\Core\TH.POST.Address.Domain\TH.POST.Address.Domain.csproj", "{A141BBC3-4534-4D3B-954F-0A42B4B59E64}"
EndProject
Project("{9A19103F-16F7-4668-BE54-9A1E7A4F7556}") = "TH.POST.Address.Persistence", "src\Infrastructure\TH.POST.Address.Persistence\TH.POST.Address.Persistence.csproj", "{11F24106-0741-4C8F-AF92-EDA62ADAE6D2}"
EndProject
Project("{9A19103F-16F7-4668-BE54-9A1E7A4F7556}") = "TH.POST.Address.SQLServer.GraphQL", "src\WebGraphQL\TH.POST.Address.SQLServer.GraphQL\TH.POST.Address.SQLServer.GraphQL.csproj", "{2B3261F2-EE35-499F-8BF2-9EAC80C00FCC}"
EndProject
Project("{9A19103F-16F7-4668-BE54-9A1E7A4F7556}") = "TH.POST.Address.PostgreSQL.GraphQL", "src\WebGraphQL\TH.POST.Address.PostgreSQL.GraphQL\TH.POST.Address.PostgreSQL.GraphQL.csproj", "{3A46E8E9-DD1A-4F0D-875A-C1A338B3809E}"
EndProject
Project("{9A19103F-16F7-4668-BE54-9A1E7A4F7556}") = "TH.POST.Address.MySQL.GraphQL", "src\WebGraphQL\TH.POST.Address.MySQL.GraphQL\TH.POST.Address.MySQL.GraphQL.csproj", "{4F473FF4-E47C-4255-B778-7DA4A4E5323D}"
EndProject
Project("{9A19103F-16F7-4668-BE54-9A1E7A4F7556}") = "TH.POST.Address.OracleDB.GraphQL", "src\WebGraphQL\TH.POST.Address.OracleDB.GraphQL\TH.POST.Address.OracleDB.GraphQL.csproj", "{8773D15A-A6FC-4C3A-9935-F6C27D3304E3}"
EndProject
Project("{2150E333-8FDC-42A3-9474-1A3956D46DE8}") = "Solution Items", "Solution Items", "{9D28DD27-36DE-4B7C-8ADA-EF1CCF2FF64C}"
	ProjectSection(SolutionItems) = preProject
		README.md = README.md
	EndProjectSection
EndProject
Global
	GlobalSection(SolutionConfigurationPlatforms) = preSolution
		Debug|Any CPU = Debug|Any CPU
		Release|Any CPU = Release|Any CPU
	EndGlobalSection
	GlobalSection(ProjectConfigurationPlatforms) = postSolution
		{375C5EF1-F5F5-486C-9C59-F2F129E9D1EC}.Debug|Any CPU.ActiveCfg = Debug|Any CPU
		{375C5EF1-F5F5-486C-9C59-F2F129E9D1EC}.Debug|Any CPU.Build.0 = Debug|Any CPU
		{375C5EF1-F5F5-486C-9C59-F2F129E9D1EC}.Release|Any CPU.ActiveCfg = Release|Any CPU
		{375C5EF1-F5F5-486C-9C59-F2F129E9D1EC}.Release|Any CPU.Build.0 = Release|Any CPU
		{A141BBC3-4534-4D3B-954F-0A42B4B59E64}.Debug|Any CPU.ActiveCfg = Debug|Any CPU
		{A141BBC3-4534-4D3B-954F-0A42B4B59E64}.Debug|Any CPU.Build.0 = Debug|Any CPU
		{A141BBC3-4534-4D3B-954F-0A42B4B59E64}.Release|Any CPU.ActiveCfg = Release|Any CPU
		{A141BBC3-4534-4D3B-954F-0A42B4B59E64}.Release|Any CPU.Build.0 = Release|Any CPU
		{11F24106-0741-4C8F-AF92-EDA62ADAE6D2}.Debug|Any CPU.ActiveCfg = Debug|Any CPU
		{11F24106-0741-4C8F-AF92-EDA62ADAE6D2}.Debug|Any CPU.Build.0 = Debug|Any CPU
		{11F24106-0741-4C8F-AF92-EDA62ADAE6D2}.Release|Any CPU.ActiveCfg = Release|Any CPU
		{11F24106-0741-4C8F-AF92-EDA62ADAE6D2}.Release|Any CPU.Build.0 = Release|Any CPU
		{2B3261F2-EE35-499F-8BF2-9EAC80C00FCC}.Debug|Any CPU.ActiveCfg = Debug|Any CPU
		{2B3261F2-EE35-499F-8BF2-9EAC80C00FCC}.Debug|Any CPU.Build.0 = Debug|Any CPU
		{2B3261F2-EE35-499F-8BF2-9EAC80C00FCC}.Release|Any CPU.ActiveCfg = Release|Any CPU
		{2B3261F2-EE35-499F-8BF2-9EAC80C00FCC}.Release|Any CPU.Build.0 = Release|Any CPU
		{3A46E8E9-DD1A-4F0D-875A-C1A338B3809E}.Debug|Any CPU.ActiveCfg = Debug|Any CPU
		{3A46E8E9-DD1A-4F0D-875A-C1A338B3809E}.Debug|Any CPU.Build.0 = Debug|Any CPU
		{3A46E8E9-DD1A-4F0D-875A-C1A338B3809E}.Release|Any CPU.ActiveCfg = Release|Any CPU
		{3A46E8E9-DD1A-4F0D-875A-C1A338B3809E}.Release|Any CPU.Build.0 = Release|Any CPU
		{4F473FF4-E47C-4255-B778-7DA4A4E5323D}.Debug|Any CPU.ActiveCfg = Debug|Any CPU
		{4F473FF4-E47C-4255-B778-7DA4A4E5323D}.Debug|Any CPU.Build.0 = Debug|Any CPU
		{4F473FF4-E47C-4255-B778-7DA4A4E5323D}.Release|Any CPU.ActiveCfg = Release|Any CPU
		{4F473FF4-E47C-4255-B778-7DA4A4E5323D}.Release|Any CPU.Build.0 = Release|Any CPU
		{8773D15A-A6FC-4C3A-9935-F6C27D3304E3}.Debug|Any CPU.ActiveCfg = Debug|Any CPU
		{8773D15A-A6FC-4C3A-9935-F6C27D3304E3}.Debug|Any CPU.Build.0 = Debug|Any CPU
		{8773D15A-A6FC-4C3A-9935-F6C27D3304E3}.Release|Any CPU.ActiveCfg = Release|Any CPU
		{8773D15A-A6FC-4C3A-9935-F6C27D3304E3}.Release|Any CPU.Build.0 = Release|Any CPU
	EndGlobalSection
	GlobalSection(SolutionProperties) = preSolution
		HideSolutionNode = FALSE
	EndGlobalSection
	GlobalSection(NestedProjects) = preSolution
		{94E4A517-C883-47EC-BC9D-DDB3FEA65604} = {FDF4A3E7-B5E3-488B-BD88-B669C1C73279}
		{5640AEE3-BD67-41AD-8A94-73EDBBF0BA24} = {FDF4A3E7-B5E3-488B-BD88-B669C1C73279}
		{B92D9A35-C960-4AD1-8B2C-E03854FA747F} = {FDF4A3E7-B5E3-488B-BD88-B669C1C73279}
		{375C5EF1-F5F5-486C-9C59-F2F129E9D1EC} = {94E4A517-C883-47EC-BC9D-DDB3FEA65604}
		{A141BBC3-4534-4D3B-954F-0A42B4B59E64} = {94E4A517-C883-47EC-BC9D-DDB3FEA65604}
		{11F24106-0741-4C8F-AF92-EDA62ADAE6D2} = {5640AEE3-BD67-41AD-8A94-73EDBBF0BA24}
		{2B3261F2-EE35-499F-8BF2-9EAC80C00FCC} = {B92D9A35-C960-4AD1-8B2C-E03854FA747F}
		{3A46E8E9-DD1A-4F0D-875A-C1A338B3809E} = {B92D9A35-C960-4AD1-8B2C-E03854FA747F}
		{4F473FF4-E47C-4255-B778-7DA4A4E5323D} = {B92D9A35-C960-4AD1-8B2C-E03854FA747F}
		{8773D15A-A6FC-4C3A-9935-F6C27D3304E3} = {B92D9A35-C960-4AD1-8B2C-E03854FA747F}
	EndGlobalSection
	GlobalSection(ExtensibilityGlobals) = postSolution
		SolutionGuid = {D895EB9B-2986-4A61-B8A2-BDD584BE49C5}
	EndGlobalSection
EndGlobal
